// !$*UTF8*$!
{
	archiveVersion = 1;
	classes = {
	};
	objectVersion = 55;
	objects = {

/* Begin PBXBuildFile section */
		481A0DD727DA316600A4E096 /* KeyboardViewController.swift in Sources */ = {isa = PBXBuildFile; fileRef = 481A0DD627DA316600A4E096 /* KeyboardViewController.swift */; };
		481A0DD927DA318E00A4E096 /* BoardViewController.swift in Sources */ = {isa = PBXBuildFile; fileRef = 481A0DD827DA318E00A4E096 /* BoardViewController.swift */; };
		481A0DDB27DA359400A4E096 /* KeyCell.swift in Sources */ = {isa = PBXBuildFile; fileRef = 481A0DDA27DA359400A4E096 /* KeyCell.swift */; };
		481AB3FD27D9354200C5E37A /* AppDelegate.swift in Sources */ = {isa = PBXBuildFile; fileRef = 481AB3FC27D9354200C5E37A /* AppDelegate.swift */; };
		481AB3FF27D9354200C5E37A /* SceneDelegate.swift in Sources */ = {isa = PBXBuildFile; fileRef = 481AB3FE27D9354200C5E37A /* SceneDelegate.swift */; };
		481AB40127D9354200C5E37A /* ViewController.swift in Sources */ = {isa = PBXBuildFile; fileRef = 481AB40027D9354200C5E37A /* ViewController.swift */; };
		481AB40427D9354200C5E37A /* Main.storyboard in Resources */ = {isa = PBXBuildFile; fileRef = 481AB40227D9354200C5E37A /* Main.storyboard */; };
		481AB40627D9354400C5E37A /* Assets.xcassets in Resources */ = {isa = PBXBuildFile; fileRef = 481AB40527D9354400C5E37A /* Assets.xcassets */; };
		481AB40927D9354400C5E37A /* LaunchScreen.storyboard in Resources */ = {isa = PBXBuildFile; fileRef = 481AB40727D9354400C5E37A /* LaunchScreen.storyboard */; };
/* End PBXBuildFile section */

/* Begin PBXFileReference section */
		481A0DD627DA316600A4E096 /* KeyboardViewController.swift */ = {isa = PBXFileReference; lastKnownFileType = sourcecode.swift; path = KeyboardViewController.swift; sourceTree = "<group>"; };
		481A0DD827DA318E00A4E096 /* BoardViewController.swift */ = {isa = PBXFileReference; lastKnownFileType = sourcecode.swift; path = BoardViewController.swift; sourceTree = "<group>"; };
		481A0DDA27DA359400A4E096 /* KeyCell.swift */ = {isa = PBXFileReference; lastKnownFileType = sourcecode.swift; path = KeyCell.swift; sourceTree = "<group>"; };
		481AB3F927D9354200C5E37A /* Letreco.app */ = {isa = PBXFileReference; explicitFileType = wrapper.application; includeInIndex = 0; path = Letreco.app; sourceTree = BUILT_PRODUCTS_DIR; };
		481AB3FC27D9354200C5E37A /* AppDelegate.swift */ = {isa = PBXFileReference; lastKnownFileType = sourcecode.swift; path = AppDelegate.swift; sourceTree = "<group>"; };
		481AB3FE27D9354200C5E37A /* SceneDelegate.swift */ = {isa = PBXFileReference; lastKnownFileType = sourcecode.swift; path = SceneDelegate.swift; sourceTree = "<group>"; };
		481AB40027D9354200C5E37A /* ViewController.swift */ = {isa = PBXFileReference; lastKnownFileType = sourcecode.swift; path = ViewController.swift; sourceTree = "<group>"; };
		481AB40327D9354200C5E37A /* Base */ = {isa = PBXFileReference; lastKnownFileType = file.storyboard; name = Base; path = Base.lproj/Main.storyboard; sourceTree = "<group>"; };
		481AB40527D9354400C5E37A /* Assets.xcassets */ = {isa = PBXFileReference; lastKnownFileType = folder.assetcatalog; path = Assets.xcassets; sourceTree = "<group>"; };
		481AB40827D9354400C5E37A /* Base */ = {isa = PBXFileReference; lastKnownFileType = file.storyboard; name = Base; path = Base.lproj/LaunchScreen.storyboard; sourceTree = "<group>"; };
		481AB40A27D9354400C5E37A /* Info.plist */ = {isa = PBXFileReference; lastKnownFileType = text.plist.xml; path = Info.plist; sourceTree = "<group>"; };
/* End PBXFileReference section */

/* Begin PBXFrameworksBuildPhase section */
		481AB3F627D9354200C5E37A /* Frameworks */ = {
			isa = PBXFrameworksBuildPhase;
			buildActionMask = 2147483647;
			files = (
			);
			runOnlyForDeploymentPostprocessing = 0;
		};
/* End PBXFrameworksBuildPhase section */

/* Begin PBXGroup section */
		481AB3F027D9354200C5E37A = {
			isa = PBXGroup;
			children = (
				481AB3FB27D9354200C5E37A /* Letreco */,
				481AB3FA27D9354200C5E37A /* Products */,
			);
			sourceTree = "<group>";
		};
		481AB3FA27D9354200C5E37A /* Products */ = {
			isa = PBXGroup;
			children = (
				481AB3F927D9354200C5E37A /* Letreco.app */,
			);
			name = Products;
			sourceTree = "<group>";
		};
		481AB3FB27D9354200C5E37A /* Letreco */ = {
			isa = PBXGroup;
			children = (
				481AB41427D9363E00C5E37A /* Assets */,
				481AB41127D9360100C5E37A /* Components */,
				481AB41027D935D800C5E37A /* Common */,
				481AB40A27D9354400C5E37A /* Info.plist */,
			);
			path = Letreco;
			sourceTree = "<group>";
		};
		481AB41027D935D800C5E37A /* Common */ = {
			isa = PBXGroup;
			children = (
				481AB3FC27D9354200C5E37A /* AppDelegate.swift */,
				481AB3FE27D9354200C5E37A /* SceneDelegate.swift */,
			);
			path = Common;
			sourceTree = "<group>";
		};
		481AB41127D9360100C5E37A /* Components */ = {
			isa = PBXGroup;
			children = (
				481AB41827D936AC00C5E37A /* Board */,
				481AB41527D9366A00C5E37A /* Keyboard */,
				481AB41227D9360800C5E37A /* Main View */,
				481AB41327D9362F00C5E37A /* LaunchScreen */,
			);
			path = Components;
			sourceTree = "<group>";
		};
		481AB41227D9360800C5E37A /* Main View */ = {
			isa = PBXGroup;
			children = (
				481AB40027D9354200C5E37A /* ViewController.swift */,
				481AB40227D9354200C5E37A /* Main.storyboard */,
			);
			path = "Main View";
			sourceTree = "<group>";
		};
		481AB41327D9362F00C5E37A /* LaunchScreen */ = {
			isa = PBXGroup;
			children = (
				481AB40727D9354400C5E37A /* LaunchScreen.storyboard */,
			);
			path = LaunchScreen;
			sourceTree = "<group>";
		};
		481AB41427D9363E00C5E37A /* Assets */ = {
			isa = PBXGroup;
			children = (
				481AB40527D9354400C5E37A /* Assets.xcassets */,
			);
			path = Assets;
			sourceTree = "<group>";
		};
		481AB41527D9366A00C5E37A /* Keyboard */ = {
			isa = PBXGroup;
			children = (
				481A0DD627DA316600A4E096 /* KeyboardViewController.swift */,
				481A0DDA27DA359400A4E096 /* KeyCell.swift */,
			);
			path = Keyboard;
			sourceTree = "<group>";
		};
		481AB41827D936AC00C5E37A /* Board */ = {
			isa = PBXGroup;
			children = (
				481A0DD827DA318E00A4E096 /* BoardViewController.swift */,
			);
			path = Board;
			sourceTree = "<group>";
		};
/* End PBXGroup section */

/* Begin PBXNativeTarget section */
		481AB3F827D9354200C5E37A /* Letreco */ = {
			isa = PBXNativeTarget;
			buildConfigurationList = 481AB40D27D9354400C5E37A /* Build configuration list for PBXNativeTarget "Letreco" */;
			buildPhases = (
				481AB3F527D9354200C5E37A /* Sources */,
				481AB3F627D9354200C5E37A /* Frameworks */,
				481AB3F727D9354200C5E37A /* Resources */,
			);
			buildRules = (
			);
			dependencies = (
			);
			name = Letreco;
			productName = Letreco;
			productReference = 481AB3F927D9354200C5E37A /* Letreco.app */;
			productType = "com.apple.product-type.application";
		};
/* End PBXNativeTarget section */

/* Begin PBXProject section */
		481AB3F127D9354200C5E37A /* Project object */ = {
			isa = PBXProject;
			attributes = {
				BuildIndependentTargetsInParallel = 1;
				LastSwiftUpdateCheck = 1320;
				LastUpgradeCheck = 1320;
				TargetAttributes = {
					481AB3F827D9354200C5E37A = {
						CreatedOnToolsVersion = 13.2.1;
					};
				};
			};
			buildConfigurationList = 481AB3F427D9354200C5E37A /* Build configuration list for PBXProject "Letreco" */;
			compatibilityVersion = "Xcode 13.0";
			developmentRegion = en;
			hasScannedForEncodings = 0;
			knownRegions = (
				en,
				Base,
			);
			mainGroup = 481AB3F027D9354200C5E37A;
			productRefGroup = 481AB3FA27D9354200C5E37A /* Products */;
			projectDirPath = "";
			projectRoot = "";
			targets = (
				481AB3F827D9354200C5E37A /* Letreco */,
			);
		};
/* End PBXProject section */

/* Begin PBXResourcesBuildPhase section */
		481AB3F727D9354200C5E37A /* Resources */ = {
			isa = PBXResourcesBuildPhase;
			buildActionMask = 2147483647;
			files = (
				481AB40927D9354400C5E37A /* LaunchScreen.storyboard in Resources */,
				481AB40627D9354400C5E37A /* Assets.xcassets in Resources */,
				481AB40427D9354200C5E37A /* Main.storyboard in Resources */,
			);
			runOnlyForDeploymentPostprocessing = 0;
		};
/* End PBXResourcesBuildPhase section */

/* Begin PBXSourcesBuildPhase section */
		481AB3F527D9354200C5E37A /* Sources */ = {
			isa = PBXSourcesBuildPhase;
			buildActionMask = 2147483647;
			files = (
				481AB40127D9354200C5E37A /* ViewController.swift in Sources */,
				481A0DD727DA316600A4E096 /* KeyboardViewController.swift in Sources */,
				481AB3FD27D9354200C5E37A /* AppDelegate.swift in Sources */,
				481A0DDB27DA359400A4E096 /* KeyCell.swift in Sources */,
				481AB3FF27D9354200C5E37A /* SceneDelegate.swift in Sources */,
				481A0DD927DA318E00A4E096 /* BoardViewController.swift in Sources */,
			);
			runOnlyForDeploymentPostprocessing = 0;
		};
/* End PBXSourcesBuildPhase section */

/* Begin PBXVariantGroup section */
		481AB40227D9354200C5E37A /* Main.storyboard */ = {
			isa = PBXVariantGroup;
			children = (
				481AB40327D9354200C5E37A /* Base */,
			);
			name = Main.storyboard;
			sourceTree = "<group>";
		};
		481AB40727D9354400C5E37A /* LaunchScreen.storyboard */ = {
			isa = PBXVariantGroup;
			children = (
				481AB40827D9354400C5E37A /* Base */,
			);
			name = LaunchScreen.storyboard;
			sourceTree = "<group>";
		};
/* End PBXVariantGroup section */

/* Begin XCBuildConfiguration section */
		481AB40B27D9354400C5E37A /* Debug */ = {
			isa = XCBuildConfiguration;
			buildSettings = {
				ALWAYS_SEARCH_USER_PATHS = NO;
				CLANG_ANALYZER_NONNULL = YES;
				CLANG_ANALYZER_NUMBER_OBJECT_CONVERSION = YES_AGGRESSIVE;
				CLANG_CXX_LANGUAGE_STANDARD = "gnu++17";
				CLANG_CXX_LIBRARY = "libc++";
				CLANG_ENABLE_MODULES = YES;
				CLANG_ENABLE_OBJC_ARC = YES;
				CLANG_ENABLE_OBJC_WEAK = YES;
				CLANG_WARN_BLOCK_CAPTURE_AUTORELEASING = YES;
				CLANG_WARN_BOOL_CONVERSION = YES;
				CLANG_WARN_COMMA = YES;
				CLANG_WARN_CONSTANT_CONVERSION = YES;
				CLANG_WARN_DEPRECATED_OBJC_IMPLEMENTATIONS = YES;
				CLANG_WARN_DIRECT_OBJC_ISA_USAGE = YES_ERROR;
				CLANG_WARN_DOCUMENTATION_COMMENTS = YES;
				CLANG_WARN_EMPTY_BODY = YES;
				CLANG_WARN_ENUM_CONVERSION = YES;
				CLANG_WARN_INFINITE_RECURSION = YES;
				CLANG_WARN_INT_CONVERSION = YES;
				CLANG_WARN_NON_LITERAL_NULL_CONVERSION = YES;
				CLANG_WARN_OBJC_IMPLICIT_RETAIN_SELF = YES;
				CLANG_WARN_OBJC_LITERAL_CONVERSION = YES;
				CLANG_WARN_OBJC_ROOT_CLASS = YES_ERROR;
				CLANG_WARN_QUOTED_INCLUDE_IN_FRAMEWORK_HEADER = YES;
				CLANG_WARN_RANGE_LOOP_ANALYSIS = YES;
				CLANG_WARN_STRICT_PROTOTYPES = YES;
				CLANG_WARN_SUSPICIOUS_MOVE = YES;
				CLANG_WARN_UNGUARDED_AVAILABILITY = YES_AGGRESSIVE;
				CLANG_WARN_UNREACHABLE_CODE = YES;
				CLANG_WARN__DUPLICATE_METHOD_MATCH = YES;
				COPY_PHASE_STRIP = NO;
				DEBUG_INFORMATION_FORMAT = dwarf;
				ENABLE_STRICT_OBJC_MSGSEND = YES;
				ENABLE_TESTABILITY = YES;
				GCC_C_LANGUAGE_STANDARD = gnu11;
				GCC_DYNAMIC_NO_PIC = NO;
				GCC_NO_COMMON_BLOCKS = YES;
				GCC_OPTIMIZATION_LEVEL = 0;
				GCC_PREPROCESSOR_DEFINITIONS = (
					"DEBUG=1",
					"$(inherited)",
				);
				GCC_WARN_64_TO_32_BIT_CONVERSION = YES;
				GCC_WARN_ABOUT_RETURN_TYPE = YES_ERROR;
				GCC_WARN_UNDECLARED_SELECTOR = YES;
				GCC_WARN_UNINITIALIZED_AUTOS = YES_AGGRESSIVE;
				GCC_WARN_UNUSED_FUNCTION = YES;
				GCC_WARN_UNUSED_VARIABLE = YES;
				IPHONEOS_DEPLOYMENT_TARGET = 15.2;
				MTL_ENABLE_DEBUG_INFO = INCLUDE_SOURCE;
				MTL_FAST_MATH = YES;
				ONLY_ACTIVE_ARCH = YES;
				SDKROOT = iphoneos;
				SWIFT_ACTIVE_COMPILATION_CONDITIONS = DEBUG;
				SWIFT_OPTIMIZATION_LEVEL = "-Onone";
			};
			name = Debug;
		};
		481AB40C27D9354400C5E37A /* Release */ = {
			isa = XCBuildConfiguration;
			buildSettings = {
				ALWAYS_SEARCH_USER_PATHS = NO;
				CLANG_ANALYZER_NONNULL = YES;
				CLANG_ANALYZER_NUMBER_OBJECT_CONVERSION = YES_AGGRESSIVE;
				CLANG_CXX_LANGUAGE_STANDARD = "gnu++17";
				CLANG_CXX_LIBRARY = "libc++";
				CLANG_ENABLE_MODULES = YES;
				CLANG_ENABLE_OBJC_ARC = YES;
				CLANG_ENABLE_OBJC_WEAK = YES;
				CLANG_WARN_BLOCK_CAPTURE_AUTORELEASING = YES;
				CLANG_WARN_BOOL_CONVERSION = YES;
				CLANG_WARN_COMMA = YES;
				CLANG_WARN_CONSTANT_CONVERSION = YES;
				CLANG_WARN_DEPRECATED_OBJC_IMPLEMENTATIONS = YES;
				CLANG_WARN_DIRECT_OBJC_ISA_USAGE = YES_ERROR;
				CLANG_WARN_DOCUMENTATION_COMMENTS = YES;
				CLANG_WARN_EMPTY_BODY = YES;
				CLANG_WARN_ENUM_CONVERSION = YES;
				CLANG_WARN_INFINITE_RECURSION = YES;
				CLANG_WARN_INT_CONVERSION = YES;
				CLANG_WARN_NON_LITERAL_NULL_CONVERSION = YES;
				CLANG_WARN_OBJC_IMPLICIT_RETAIN_SELF = YES;
				CLANG_WARN_OBJC_LITERAL_CONVERSION = YES;
				CLANG_WARN_OBJC_ROOT_CLASS = YES_ERROR;
				CLANG_WARN_QUOTED_INCLUDE_IN_FRAMEWORK_HEADER = YES;
				CLANG_WARN_RANGE_LOOP_ANALYSIS = YES;
				CLANG_WARN_STRICT_PROTOTYPES = YES;
				CLANG_WARN_SUSPICIOUS_MOVE = YES;
				CLANG_WARN_UNGUARDED_AVAILABILITY = YES_AGGRESSIVE;
				CLANG_WARN_UNREACHABLE_CODE = YES;
				CLANG_WARN__DUPLICATE_METHOD_MATCH = YES;
				COPY_PHASE_STRIP = NO;
				DEBUG_INFORMATION_FORMAT = "dwarf-with-dsym";
				ENABLE_NS_ASSERTIONS = NO;
				ENABLE_STRICT_OBJC_MSGSEND = YES;
				GCC_C_LANGUAGE_STANDARD = gnu11;
				GCC_NO_COMMON_BLOCKS = YES;
				GCC_WARN_64_TO_32_BIT_CONVERSION = YES;
				GCC_WARN_ABOUT_RETURN_TYPE = YES_ERROR;
				GCC_WARN_UNDECLARED_SELECTOR = YES;
				GCC_WARN_UNINITIALIZED_AUTOS = YES_AGGRESSIVE;
				GCC_WARN_UNUSED_FUNCTION = YES;
				GCC_WARN_UNUSED_VARIABLE = YES;
				IPHONEOS_DEPLOYMENT_TARGET = 15.2;
				MTL_ENABLE_DEBUG_INFO = NO;
				MTL_FAST_MATH = YES;
				SDKROOT = iphoneos;
				SWIFT_COMPILATION_MODE = wholemodule;
				SWIFT_OPTIMIZATION_LEVEL = "-O";
				VALIDATE_PRODUCT = YES;
			};
			name = Release;
		};
		481AB40E27D9354400C5E37A /* Debug */ = {
			isa = XCBuildConfiguration;
			buildSettings = {
				ASSETCATALOG_COMPILER_APPICON_NAME = AppIcon;
				ASSETCATALOG_COMPILER_GLOBAL_ACCENT_COLOR_NAME = AccentColor;
				CODE_SIGN_STYLE = Automatic;
				CURRENT_PROJECT_VERSION = 1;
				GENERATE_INFOPLIST_FILE = YES;
				INFOPLIST_FILE = Letreco/Info.plist;
				INFOPLIST_KEY_UIApplicationSupportsIndirectInputEvents = YES;
				INFOPLIST_KEY_UILaunchStoryboardName = LaunchScreen;
				INFOPLIST_KEY_UIMainStoryboardFile = Main;
				INFOPLIST_KEY_UISupportedInterfaceOrientations_iPad = "UIInterfaceOrientationPortrait UIInterfaceOrientationPortraitUpsideDown UIInterfaceOrientationLandscapeLeft UIInterfaceOrientationLandscapeRight";
				INFOPLIST_KEY_UISupportedInterfaceOrientations_iPhone = "UIInterfaceOrientationPortrait UIInterfaceOrientationLandscapeLeft UIInterfaceOrientationLandscapeRight";
				LD_RUNPATH_SEARCH_PATHS = (
					"$(inherited)",
					"@executable_path/Frameworks",
				);
				MARKETING_VERSION = 1.0;
				PRODUCT_BUNDLE_IDENTIFIER = MyProject.Letreco;
				PRODUCT_NAME = "$(TARGET_NAME)";
				SWIFT_EMIT_LOC_STRINGS = YES;
				SWIFT_VERSION = 5.0;
				TARGETED_DEVICE_FAMILY = "1,2";
			};
			name = Debug;
		};
		481AB40F27D9354400C5E37A /* Release */ = {
			isa = XCBuildConfiguration;
			buildSettings = {
				ASSETCATALOG_COMPILER_APPICON_NAME = AppIcon;
				ASSETCATALOG_COMPILER_GLOBAL_ACCENT_COLOR_NAME = AccentColor;
				CODE_SIGN_STYLE = Automatic;
				CURRENT_PROJECT_VERSION = 1;
				GENERATE_INFOPLIST_FILE = YES;
				INFOPLIST_FILE = Letreco/Info.plist;
				INFOPLIST_KEY_UIApplicationSupportsIndirectInputEvents = YES;
				INFOPLIST_KEY_UILaunchStoryboardName = LaunchScreen;
				INFOPLIST_KEY_UIMainStoryboardFile = Main;
				INFOPLIST_KEY_UISupportedInterfaceOrientations_iPad = "UIInterfaceOrientationPortrait UIInterfaceOrientationPortraitUpsideDown UIInterfaceOrientationLandscapeLeft UIInterfaceOrientationLandscapeRight";
				INFOPLIST_KEY_UISupportedInterfaceOrientations_iPhone = "UIInterfaceOrientationPortrait UIInterfaceOrientationLandscapeLeft UIInterfaceOrientationLandscapeRight";
				LD_RUNPATH_SEARCH_PATHS = (
					"$(inherited)",
					"@executable_path/Frameworks",
				);
				MARKETING_VERSION = 1.0;
				PRODUCT_BUNDLE_IDENTIFIER = MyProject.Letreco;
				PRODUCT_NAME = "$(TARGET_NAME)";
				SWIFT_EMIT_LOC_STRINGS = YES;
				SWIFT_VERSION = 5.0;
				TARGETED_DEVICE_FAMILY = "1,2";
			};
			name = Release;
		};
/* End XCBuildConfiguration section */

/* Begin XCConfigurationList section */
		481AB3F427D9354200C5E37A /* Build configuration list for PBXProject "Letreco" */ = {
			isa = XCConfigurationList;
			buildConfigurations = (
				481AB40B27D9354400C5E37A /* Debug */,
				481AB40C27D9354400C5E37A /* Release */,
			);
			defaultConfigurationIsVisible = 0;
			defaultConfigurationName = Release;
		};
		481AB40D27D9354400C5E37A /* Build configuration list for PBXNativeTarget "Letreco" */ = {
			isa = XCConfigurationList;
			buildConfigurations = (
				481AB40E27D9354400C5E37A /* Debug */,
				481AB40F27D9354400C5E37A /* Release */,
			);
			defaultConfigurationIsVisible = 0;
			defaultConfigurationName = Release;
		};
/* End XCConfigurationList section */
	};
	rootObject = 481AB3F127D9354200C5E37A /* Project object */;
}
